
Microsoft Visual Studio Solution File, Format Version 12.00
# Visual Studio Version 17
VisualStudioVersion = 17.3.32825.248
MinimumVisualStudioVersion = 10.0.40219.1
Project("{FAE04EC0-301F-11D3-BF4B-00C04F79EFBC}") = "webapp", "webapp\webapp.csproj", "{FB8BE113-5869-4597-8FE6-EF407B381828}"
EndProject
Global
	GlobalSection(SolutionConfigurationPlatforms) = preSolution
		Debug|Any CPU = Debug|Any CPU
		Release|Any CPU = Release|Any CPU
	EndGlobalSection
	GlobalSection(ProjectConfigurationPlatforms) = postSolution
		{FB8BE113-5869-4597-8FE6-EF407B381828}.Debug|Any CPU.ActiveCfg = Debug|Any CPU
		{FB8BE113-5869-4597-8FE6-EF407B381828}.Debug|Any CPU.Build.0 = Debug|Any CPU
		{FB8BE113-5869-4597-8FE6-EF407B381828}.Release|Any CPU.ActiveCfg = Release|Any CPU
		{FB8BE113-5869-4597-8FE6-EF407B381828}.Release|Any CPU.Build.0 = Release|Any CPU
	EndGlobalSection
	GlobalSection(SolutionProperties) = preSolution
		HideSolutionNode = FALSE
	EndGlobalSection
	GlobalSection(ExtensibilityGlobals) = postSolution
		SolutionGuid = {39E08F81-DE36-4D73-8D4A-8321CEE16FE9}
	EndGlobalSection
EndGlobal
